
Microsoft Visual Studio Solution File, Format Version 12.00
# Visual Studio 15
VisualStudioVersion = 15.0.28010.2003
MinimumVisualStudioVersion = 10.0.40219.1
Project("{FAE04EC0-301F-11D3-BF4B-00C04F79EFBC}") = "Litrojan", "Litrojan\Litrojan.csproj", "{4CE13C6D-DFA8-42B7-87A9-0242BB41F2F6}"
EndProject
Global
	GlobalSection(SolutionConfigurationPlatforms) = preSolution
		Debug|Any CPU = Debug|Any CPU
		Release|Any CPU = Release|Any CPU
	EndGlobalSection
	GlobalSection(ProjectConfigurationPlatforms) = postSolution
		{4CE13C6D-DFA8-42B7-87A9-0242BB41F2F6}.Debug|Any CPU.ActiveCfg = Debug|Any CPU
		{4CE13C6D-DFA8-42B7-87A9-0242BB41F2F6}.Debug|Any CPU.Build.0 = Debug|Any CPU
		{4CE13C6D-DFA8-42B7-87A9-0242BB41F2F6}.Release|Any CPU.ActiveCfg = Release|Any CPU
		{4CE13C6D-DFA8-42B7-87A9-0242BB41F2F6}.Release|Any CPU.Build.0 = Release|Any CPU
	EndGlobalSection
	GlobalSection(SolutionProperties) = preSolution
		HideSolutionNode = FALSE
	EndGlobalSection
	GlobalSection(ExtensibilityGlobals) = postSolution
		SolutionGuid = {F03DD171-EC6C-4C4F-BE07-CDE9A75F01DD}
	EndGlobalSection
EndGlobal
